
Microsoft Visual Studio Solution File, Format Version 12.00
# Visual Studio 14
VisualStudioVersion = 14.0.23107.0
MinimumVisualStudioVersion = 10.0.40219.1
Project("{FAE04EC0-301F-11D3-BF4B-00C04F79EFBC}") = "Silmukka", "Silmukka.csproj", "{5378993A-7306-4E0C-8073-F96CB63E2217}"
EndProject
Project("{FAE04EC0-301F-11D3-BF4B-00C04F79EFBC}") = "Task-2", "..\Task-2\Task-2.csproj", "{9FFAE524-057B-4124-B10E-211A26187305}"
EndProject
Global
	GlobalSection(SolutionConfigurationPlatforms) = preSolution
		Debug|Any CPU = Debug|Any CPU
		Release|Any CPU = Release|Any CPU
	EndGlobalSection
	GlobalSection(ProjectConfigurationPlatforms) = postSolution
		{5378993A-7306-4E0C-8073-F96CB63E2217}.Debug|Any CPU.ActiveCfg = Debug|Any CPU
		{5378993A-7306-4E0C-8073-F96CB63E2217}.Debug|Any CPU.Build.0 = Debug|Any CPU
		{5378993A-7306-4E0C-8073-F96CB63E2217}.Release|Any CPU.ActiveCfg = Release|Any CPU
		{5378993A-7306-4E0C-8073-F96CB63E2217}.Release|Any CPU.Build.0 = Release|Any CPU
		{9FFAE524-057B-4124-B10E-211A26187305}.Debug|Any CPU.ActiveCfg = Debug|Any CPU
		{9FFAE524-057B-4124-B10E-211A26187305}.Debug|Any CPU.Build.0 = Debug|Any CPU
		{9FFAE524-057B-4124-B10E-211A26187305}.Release|Any CPU.ActiveCfg = Release|Any CPU
		{9FFAE524-057B-4124-B10E-211A26187305}.Release|Any CPU.Build.0 = Release|Any CPU
	EndGlobalSection
	GlobalSection(SolutionProperties) = preSolution
		HideSolutionNode = FALSE
	EndGlobalSection
EndGlobal
